# This file is generated by running "yarn install" inside your project.
# Manual changes might be lost - proceed with caution!

__metadata:
  version: 6
  cacheKey: 8

"jquery-ui-dist@npm:^1.12.1":
  version: 1.12.1
  resolution: "jquery-ui-dist@npm:1.12.1"
  checksum: c75e2dd497eec6f796febada43aad18e5af35938f5802a1a9efc5818c0c194e2a13880914f331545fab272e543141c13090447d25e1d4ca7b883d7473bf30460
  languageName: node
  linkType: hard

"jquery@npm:^3.6.0":
  version: 3.6.0
  resolution: "jquery@npm:3.6.0"
  checksum: 8fd5fef4aa48fd374ec716dd1c1df1af407814a228e15c1260ca140de3a697c2a77c30c54ff1d238b6a3ab4ddc445ddeef9adce6c6d28e4869d85eb9d3951c0e
  languageName: node
  linkType: hard

"root-workspace-0b6124@workspace:.":
  version: 0.0.0-use.local
  resolution: "root-workspace-0b6124@workspace:."
  dependencies:
    jquery: ^3.6.0
    jquery-ui-dist: ^1.12.1
    simplelightbox: ^2.9.0
  languageName: unknown
  linkType: soft

"simplelightbox@npm:^2.9.0":
  version: 2.9.0
  resolution: "simplelightbox@npm:2.9.0"
  checksum: 3ec287fd511b705d46266ab9a7f6213326e6710290d9021a9b863078abdcdcfce5c974de00d4905a02023df9c27e5d5dfc3c494ba1ae83ec51f91d87dcecc814
  languageName: node
  linkType: hard
